
Microsoft Visual Studio Solution File, Format Version 12.00
# Visual Studio 14
VisualStudioVersion = 14.0.25420.1
MinimumVisualStudioVersion = 10.0.40219.1
Project("{8BC9CEB8-8B4A-11D0-8D11-00A0C91BC942}") = "ccextractor", "ccextractor.vcxproj", "{0F0063C4-BCBC-4379-A6D5-84A5669C940A}"
EndProject
Global
	GlobalSection(SolutionConfigurationPlatforms) = preSolution
		Debug|Win32 = Debug|Win32
		Debug|x64 = Debug|x64
		Debug-Full|Win32 = Debug-Full|Win32
		Debug-Full|x64 = Debug-Full|x64
		Release|Win32 = Release|Win32
		Release|x64 = Release|x64
		Release-Full|Win32 = Release-Full|Win32
		Release-Full|x64 = Release-Full|x64
	EndGlobalSection
	GlobalSection(ProjectConfigurationPlatforms) = postSolution
		{0F0063C4-BCBC-4379-A6D5-84A5669C940A}.Debug|Win32.ActiveCfg = Debug|Win32
		{0F0063C4-BCBC-4379-A6D5-84A5669C940A}.Debug|Win32.Build.0 = Debug|Win32
		{0F0063C4-BCBC-4379-A6D5-84A5669C940A}.Debug|x64.ActiveCfg = Debug|x64
		{0F0063C4-BCBC-4379-A6D5-84A5669C940A}.Debug|x64.Build.0 = Debug|x64
		{0F0063C4-BCBC-4379-A6D5-84A5669C940A}.Debug-Full|Win32.ActiveCfg = Debug-Full|Win32
		{0F0063C4-BCBC-4379-A6D5-84A5669C940A}.Debug-Full|Win32.Build.0 = Debug-Full|Win32
		{0F0063C4-BCBC-4379-A6D5-84A5669C940A}.Debug-Full|x64.ActiveCfg = Debug-Full|x64
		{0F0063C4-BCBC-4379-A6D5-84A5669C940A}.Debug-Full|x64.Build.0 = Debug-Full|x64
		{0F0063C4-BCBC-4379-A6D5-84A5669C940A}.Release|Win32.ActiveCfg = Release|Win32
		{0F0063C4-BCBC-4379-A6D5-84A5669C940A}.Release|Win32.Build.0 = Release|Win32
		{0F0063C4-BCBC-4379-A6D5-84A5669C940A}.Release|x64.ActiveCfg = Release|x64
		{0F0063C4-BCBC-4379-A6D5-84A5669C940A}.Release|x64.Build.0 = Release|x64
		{0F0063C4-BCBC-4379-A6D5-84A5669C940A}.Release-Full|Win32.ActiveCfg = Release-Full|Win32
		{0F0063C4-BCBC-4379-A6D5-84A5669C940A}.Release-Full|Win32.Build.0 = Release-Full|Win32
		{0F0063C4-BCBC-4379-A6D5-84A5669C940A}.Release-Full|x64.ActiveCfg = Release-Full|x64
		{0F0063C4-BCBC-4379-A6D5-84A5669C940A}.Release-Full|x64.Build.0 = Release-Full|x64
		{74290DA6-174D-4F4B-A48E-F30B824B7925}.Debug|Win32.ActiveCfg = Debug|Win32
		{74290DA6-174D-4F4B-A48E-F30B824B7925}.Debug|Win32.Build.0 = Debug|Win32
		{74290DA6-174D-4F4B-A48E-F30B824B7925}.Debug|x64.ActiveCfg = Debug|x64
		{74290DA6-174D-4F4B-A48E-F30B824B7925}.Debug|x64.Build.0 = Debug|x64
		{74290DA6-174D-4F4B-A48E-F30B824B7925}.Debug-Full|Win32.ActiveCfg = Debug|Win32
		{74290DA6-174D-4F4B-A48E-F30B824B7925}.Debug-Full|Win32.Build.0 = Debug|Win32
		{74290DA6-174D-4F4B-A48E-F30B824B7925}.Debug-Full|x64.ActiveCfg = Debug|x64
		{74290DA6-174D-4F4B-A48E-F30B824B7925}.Debug-Full|x64.Build.0 = Debug|x64
		{74290DA6-174D-4F4B-A48E-F30B824B7925}.Release|Win32.ActiveCfg = Release|Win32
		{74290DA6-174D-4F4B-A48E-F30B824B7925}.Release|Win32.Build.0 = Release|Win32
		{74290DA6-174D-4F4B-A48E-F30B824B7925}.Release|x64.ActiveCfg = Release|x64
		{74290DA6-174D-4F4B-A48E-F30B824B7925}.Release|x64.Build.0 = Release|x64
		{74290DA6-174D-4F4B-A48E-F30B824B7925}.Release-Full|Win32.ActiveCfg = Release|Win32
		{74290DA6-174D-4F4B-A48E-F30B824B7925}.Release-Full|Win32.Build.0 = Release|Win32
		{74290DA6-174D-4F4B-A48E-F30B824B7925}.Release-Full|x64.ActiveCfg = Release|x64
		{74290DA6-174D-4F4B-A48E-F30B824B7925}.Release-Full|x64.Build.0 = Release|x64
	EndGlobalSection
	GlobalSection(SolutionProperties) = preSolution
		HideSolutionNode = FALSE
	EndGlobalSection
EndGlobal
