<?xml version="1.0" encoding="utf-8"?>
<Project ToolsVersion="4.0" xmlns="http://schemas.microsoft.com/developer/msbuild/2003">
  <ItemGroup>
    <Filter Include="Header Files">
      <UniqueIdentifier>{93995380-89BD-4b04-88EB-625FBE52EBFB}</UniqueIdentifier>
      <Extensions>h;hpp;hxx;hm;inl;inc;xsd</Extensions>
    </Filter>
    <Filter Include="Resource Files">
      <UniqueIdentifier>{67DA6AB6-F800-4c08-8B7A-83BB121AAD01}</UniqueIdentifier>
      <Extensions>rc;ico;cur;bmp;dlg;rc2;rct;bin;rgs;gif;jpg;jpeg;jpe;resx</Extensions>
    </Filter>
    <Filter Include="Source Files">
      <UniqueIdentifier>{4FC737F1-C7A5-4376-A066-2A32D752A2FF}</UniqueIdentifier>
      <Extensions>cpp;c;cc;cxx;def;odl;idl;hpj;bat;asm;asmx</Extensions>
    </Filter>
    <Filter Include="Source Files\gpacmp4">
      <UniqueIdentifier>{53ddf332-3341-4811-853d-37995dbfcda8}</UniqueIdentifier>
    </Filter>
    <Filter Include="Header Files\gpacmp4">
      <UniqueIdentifier>{230ece07-6169-4824-8439-c941bcd01da5}</UniqueIdentifier>
    </Filter>
    <Filter Include="Header Files\libpng">
      <UniqueIdentifier>{ecb47d6d-60ec-4fda-8afd-31833767e830}</UniqueIdentifier>
    </Filter>
    <Filter Include="Source Files\libpng">
      <UniqueIdentifier>{89f2f715-e745-4927-93f4-36411a9e8362}</UniqueIdentifier>
    </Filter>
    <Filter Include="Source Files\zlib">
      <UniqueIdentifier>{5867ee79-2e93-4616-85d1-9c9ba3fca8c0}</UniqueIdentifier>
    </Filter>
    <Filter Include="Header Files\zlib">
      <UniqueIdentifier>{e76a99a9-8a06-4ffb-afa1-f87c057f8448}</UniqueIdentifier>
    </Filter>
    <Filter Include="Header Files\ccx_common">
      <UniqueIdentifier>{955fdac2-43c6-4968-8fce-7d40bad9c712}</UniqueIdentifier>
    </Filter>
    <Filter Include="Source Files\ccx_decoders">
      <UniqueIdentifier>{0e9c939f-a37c-4d06-a611-4c262b620763}</UniqueIdentifier>
    </Filter>
    <Filter Include="Source Files\ccx_encoders">
      <UniqueIdentifier>{720b7c91-968e-4dd8-a8df-6d99f9c9b52d}</UniqueIdentifier>
    </Filter>
    <Filter Include="Source Files\ccx_common">
      <UniqueIdentifier>{2b841054-ad06-429d-9b44-fabd29fbeef0}</UniqueIdentifier>
    </Filter>
    <Filter Include="Source Files\zvbi">
      <UniqueIdentifier>{d86f4f94-df28-4fed-a455-c54bc521c86a}</UniqueIdentifier>
    </Filter>
    <Filter Include="Header Files\zvbi">
      <UniqueIdentifier>{288f48c3-470a-45ad-a70a-8f062c51aeb1}</UniqueIdentifier>
    </Filter>
    <Filter Include="Header Files\lib_hash">
      <UniqueIdentifier>{140e6ccb-2042-4ecc-9cba-42a04a5b0803}</UniqueIdentifier>
    </Filter>
    <Filter Include="Source Files\lib_hash">
      <UniqueIdentifier>{dcb7e1ec-51eb-4f69-93db-b10133e98402}</UniqueIdentifier>
    </Filter>
    <Filter Include="Header Files\win_spec_incld">
      <UniqueIdentifier>{de4fb954-0fd9-407a-8803-4dec4640296b}</UniqueIdentifier>
    </Filter>
    <Filter Include="Header Files\win_iconv">
      <UniqueIdentifier>{1870287a-d318-4ef0-9bd1-11c965a1474c}</UniqueIdentifier>
    </Filter>
    <Filter Include="Source Files\win_iconv">
      <UniqueIdentifier>{964b0a18-918d-4b08-ba92-5a84e3c48b43}</UniqueIdentifier>
    </Filter>
    <Filter Include="Source Files\lib_ccx">
      <UniqueIdentifier>{19f7e936-6581-4cd7-a5f9-5c4c3ed159c1}</UniqueIdentifier>
    </Filter>
    <Filter Include="Header Files\lib_ccx">
      <UniqueIdentifier>{7ef5506d-d575-4661-84a1-dbbb99780e32}</UniqueIdentifier>
    </Filter>
    <Filter Include="Source Files\protobuf-c">
      <UniqueIdentifier>{3c0bdb0a-e3f8-4fc4-a27b-b795ed32c965}</UniqueIdentifier>
    </Filter>
    <Filter Include="Header Files\protobuf-c">
      <UniqueIdentifier>{fce551b0-7304-4677-8e66-61b475fdb924}</UniqueIdentifier>
    </Filter>
    <Filter Include="Source Files\utf8proc">
      <UniqueIdentifier>{6e23dd8b-166b-4a80-92e2-194e7b6e6c86}</UniqueIdentifier>
    </Filter>
    <Filter Include="Header Files\utf8proc">
      <UniqueIdentifier>{fcf59c1c-8b84-484a-8fb4-a9a301e23610}</UniqueIdentifier>
    </Filter>
    <Filter Include="Header Files\lib_ccx\ccx_encoders">
      <UniqueIdentifier>{489d2c0b-43e8-4d51-8304-f4e59ee8d253}</UniqueIdentifier>
    </Filter>
    <Filter Include="Source Files\freetype">
      <UniqueIdentifier>{c08646ce-ae7b-4747-a1e9-9fad759d9ad2}</UniqueIdentifier>
    </Filter>
    <Filter Include="Header Files\freetype">
      <UniqueIdentifier>{2c6ca4e0-5f31-46b1-8714-93fb2c28c174}</UniqueIdentifier>
    </Filter>
    <Filter Include="Header Files\lib_ccx\ccx_decoders">
      <UniqueIdentifier>{5af060a0-c719-4d1b-913f-71c4452fbe10}</UniqueIdentifier>
    </Filter>
  </ItemGroup>
  <ItemGroup>
    <ClInclude Include="..\src\libpng\png.h">
      <Filter>Header Files\libpng</Filter>
    </ClInclude>
    <ClInclude Include="..\src\libpng\pngconf.h">
      <Filter>Header Files\libpng</Filter>
    </ClInclude>
    <ClInclude Include="..\src\libpng\pngdebug.h">
      <Filter>Header Files\libpng</Filter>
    </ClInclude>
    <ClInclude Include="..\src\libpng\pnginfo.h">
      <Filter>Header Files\libpng</Filter>
    </ClInclude>
    <ClInclude Include="..\src\libpng\pnglibconf.h">
      <Filter>Header Files\libpng</Filter>
    </ClInclude>
    <ClInclude Include="..\src\libpng\pngpriv.h">
      <Filter>Header Files\libpng</Filter>
    </ClInclude>
    <ClInclude Include="..\src\libpng\pngstruct.h">
      <Filter>Header Files\libpng</Filter>
    </ClInclude>
    <ClInclude Include="..\src\zlib\crc32.h">
      <Filter>Header Files\zlib</Filter>
    </ClInclude>
    <ClInclude Include="..\src\zlib\deflate.h">
      <Filter>Header Files\zlib</Filter>
    </ClInclude>
    <ClInclude Include="..\src\zlib\gzguts.h">
      <Filter>Header Files\zlib</Filter>
    </ClInclude>
    <ClInclude Include="..\src\zlib\inffast.h">
      <Filter>Header Files\zlib</Filter>
    </ClInclude>
    <ClInclude Include="..\src\zlib\inffixed.h">
      <Filter>Header Files\zlib</Filter>
    </ClInclude>
    <ClInclude Include="..\src\zlib\inflate.h">
      <Filter>Header Files\zlib</Filter>
    </ClInclude>
    <ClInclude Include="..\src\zlib\inftrees.h">
      <Filter>Header Files\zlib</Filter>
    </ClInclude>
    <ClInclude Include="..\src\zlib\trees.h">
      <Filter>Header Files\zlib</Filter>
    </ClInclude>
    <ClInclude Include="..\src\zlib\zconf.h">
      <Filter>Header Files\zlib</Filter>
    </ClInclude>
    <ClInclude Include="..\src\zlib\zlib.h">
      <Filter>Header Files\zlib</Filter>
    </ClInclude>
    <ClInclude Include="..\src\zlib\zutil.h">
      <Filter>Header Files\zlib</Filter>
    </ClInclude>
    <ClInclude Include="..\src\lib_ccx\disable_warnings.h">
      <Filter>Header Files</Filter>
    </ClInclude>
    <ClInclude Include="..\src\lib_ccx\ccx_common_char_encoding.h">
      <Filter>Header Files\ccx_common</Filter>
    </ClInclude>
    <ClInclude Include="..\src\lib_ccx\ccx_common_common.h">
      <Filter>Header Files\ccx_common</Filter>
    </ClInclude>
    <ClInclude Include="..\src\lib_ccx\ccx_common_constants.h">
      <Filter>Header Files\ccx_common</Filter>
    </ClInclude>
    <ClInclude Include="..\src\lib_ccx\ccx_common_platform.h">
      <Filter>Header Files\ccx_common</Filter>
    </ClInclude>
    <ClInclude Include="..\src\lib_ccx\ccx_common_structs.h">
      <Filter>Header Files\ccx_common</Filter>
    </ClInclude>
    <ClInclude Include="..\src\lib_ccx\ccx_common_timing.h">
      <Filter>Header Files\ccx_common</Filter>
    </ClInclude>
    <ClInclude Include="..\src\lib_ccx\ccx_decoders_608.h">
      <Filter>Header Files\lib_ccx\ccx_decoders</Filter>
    </ClInclude>
    <ClInclude Include="..\src\lib_ccx\ccx_decoders_708.h">
      <Filter>Header Files\lib_ccx\ccx_decoders</Filter>
    </ClInclude>
    <ClInclude Include="..\src\lib_ccx\ccx_decoders_common.h">
      <Filter>Header Files\lib_ccx\ccx_decoders</Filter>
    </ClInclude>
    <ClInclude Include="..\src\lib_ccx\ccx_decoders_structs.h">
      <Filter>Header Files\lib_ccx\ccx_decoders</Filter>
    </ClInclude>
    <ClInclude Include="..\src\lib_ccx\ccx_decoders_xds.h">
      <Filter>Header Files\lib_ccx\ccx_decoders</Filter>
    </ClInclude>
    <ClInclude Include="..\src\lib_ccx\dvb_subtitle_decoder.h">
      <Filter>Header Files\lib_ccx\ccx_decoders</Filter>
    </ClInclude>
    <ClInclude Include="..\src\lib_ccx\teletext.h">
      <Filter>Header Files\lib_ccx\ccx_decoders</Filter>
    </ClInclude>
    <ClInclude Include="..\src\lib_ccx\ccx_encoders_common.h">
      <Filter>Header Files\lib_ccx\ccx_encoders</Filter>
    </ClInclude>
    <ClInclude Include="..\src\lib_ccx\ccx_encoders_helpers.h">
      <Filter>Header Files\lib_ccx\ccx_encoders</Filter>
    </ClInclude>
    <ClInclude Include="..\src\lib_ccx\ccx_decoders_708_encoding.h">
      <Filter>Header Files\lib_ccx\ccx_decoders</Filter>
    </ClInclude>
    <ClInclude Include="..\src\lib_ccx\ccx_decoders_708_output.h">
      <Filter>Header Files\lib_ccx\ccx_decoders</Filter>
    </ClInclude>
    <ClInclude Include="..\src\lib_ccx\ccx_decoders_isdb.h">
      <Filter>Header Files\lib_ccx\ccx_decoders</Filter>
    </ClInclude>
    <ClInclude Include="..\src\lib_ccx\avc_functions.h">
      <Filter>Header Files</Filter>
    </ClInclude>
    <ClInclude Include="..\src\lib_ccx\utility.h">
      <Filter>Header Files</Filter>
    </ClInclude>
    <ClInclude Include="..\src\zvbi\bcd.h">
      <Filter>Header Files\zvbi</Filter>
    </ClInclude>
    <ClInclude Include="..\src\zvbi\bit_slicer.h">
      <Filter>Header Files\zvbi</Filter>
    </ClInclude>
    <ClInclude Include="..\src\zvbi\macros.h">
      <Filter>Header Files\zvbi</Filter>
    </ClInclude>
    <ClInclude Include="..\src\zvbi\misc.h">
      <Filter>Header Files\zvbi</Filter>
    </ClInclude>
    <ClInclude Include="..\src\zvbi\raw_decoder.h">
      <Filter>Header Files\zvbi</Filter>
    </ClInclude>
    <ClInclude Include="..\src\zvbi\sampling_par.h">
      <Filter>Header Files\zvbi</Filter>
    </ClInclude>
    <ClInclude Include="..\src\zvbi\sliced.h">
      <Filter>Header Files\zvbi</Filter>
    </ClInclude>
    <ClInclude Include="..\src\zvbi\zvbi_decoder.h">
      <Filter>Header Files\zvbi</Filter>
    </ClInclude>
    <ClInclude Include="..\src\lib_ccx\compile_info.h">
      <Filter>Header Files</Filter>
    </ClInclude>
    <ClInclude Include="..\src\lib_hash\sha2.h">
      <Filter>Header Files\lib_hash</Filter>
    </ClInclude>
    <ClInclude Include="..\src\win_spec_incld\stdint.h">
      <Filter>Header Files\win_spec_incld</Filter>
    </ClInclude>
    <ClInclude Include="..\src\win_spec_incld\inttypes.h">
      <Filter>Header Files\win_spec_incld</Filter>
    </ClInclude>
    <ClInclude Include="..\src\win_spec_incld\dirent.h">
      <Filter>Header Files\win_spec_incld</Filter>
    </ClInclude>
    <ClInclude Include="..\src\win_iconv\iconv.h">
      <Filter>Header Files\win_iconv</Filter>
    </ClInclude>
    <ClInclude Include="..\src\lib_ccx\ccx_common_option.h">
      <Filter>Header Files</Filter>
    </ClInclude>
    <ClInclude Include="..\src\lib_ccx\ccx_share.h">
      <Filter>Header Files\lib_ccx</Filter>
    </ClInclude>
    <ClInclude Include="..\src\lib_ccx\ccx_sub_entry_message.pb-c.h">
      <Filter>Header Files\lib_ccx</Filter>
    </ClInclude>
    <ClInclude Include="..\src\protobuf-c\protobuf-c.h">
      <Filter>Header Files\protobuf-c</Filter>
    </ClInclude>
    <ClInclude Include="..\src\microutf8\microutf8.h">
      <Filter>Header Files</Filter>
    </ClInclude>
    <ClInclude Include="..\src\utf8proc\utf8proc.h">
      <Filter>Header Files\utf8proc</Filter>
    </ClInclude>
    <ClInclude Include="..\src\gpacmp4\gpac\avparse.h">
      <Filter>Header Files\gpacmp4</Filter>
    </ClInclude>
    <ClInclude Include="..\src\gpacmp4\gpac\base_coding.h">
      <Filter>Header Files\gpacmp4</Filter>
    </ClInclude>
    <ClInclude Include="..\src\gpacmp4\gpac\bitstream.h">
      <Filter>Header Files\gpacmp4</Filter>
    </ClInclude>
    <ClInclude Include="..\src\gpacmp4\gpac\config_file.h">
      <Filter>Header Files\gpacmp4</Filter>
    </ClInclude>
    <ClInclude Include="..\src\gpacmp4\gpac\constants.h">
      <Filter>Header Files\gpacmp4</Filter>
    </ClInclude>
    <ClInclude Include="..\src\gpacmp4\gpac\events_constants.h">
      <Filter>Header Files\gpacmp4</Filter>
    </ClInclude>
    <ClInclude Include="..\src\gpacmp4\gpac\ietf.h">
      <Filter>Header Files\gpacmp4</Filter>
    </ClInclude>
    <ClInclude Include="..\src\gpacmp4\gpac\isomedia.h">
      <Filter>Header Files\gpacmp4</Filter>
    </ClInclude>
    <ClInclude Include="..\src\gpacmp4\gpac\list.h">
      <Filter>Header Files\gpacmp4</Filter>
    </ClInclude>
    <ClInclude Include="..\src\gpacmp4\gpac\media_tools.h">
      <Filter>Header Files\gpacmp4</Filter>
    </ClInclude>
    <ClInclude Include="..\src\gpacmp4\gpac\mpeg4_odf.h">
      <Filter>Header Files\gpacmp4</Filter>
    </ClInclude>
    <ClInclude Include="..\src\gpacmp4\gpac\network.h">
      <Filter>Header Files\gpacmp4</Filter>
    </ClInclude>
    <ClInclude Include="..\src\gpacmp4\gpac\revision.h">
      <Filter>Header Files\gpacmp4</Filter>
    </ClInclude>
    <ClInclude Include="..\src\gpacmp4\gpac\setup.h">
      <Filter>Header Files\gpacmp4</Filter>
    </ClInclude>
    <ClInclude Include="..\src\gpacmp4\gpac\sync_layer.h">
      <Filter>Header Files\gpacmp4</Filter>
    </ClInclude>
    <ClInclude Include="..\src\gpacmp4\gpac\tools.h">
      <Filter>Header Files\gpacmp4</Filter>
    </ClInclude>
    <ClInclude Include="..\src\gpacmp4\gpac\utf.h">
      <Filter>Header Files\gpacmp4</Filter>
    </ClInclude>
    <ClInclude Include="..\src\gpacmp4\gpac\version.h">
      <Filter>Header Files\gpacmp4</Filter>
    </ClInclude>
    <ClInclude Include="..\src\gpacmp4\gpac\internal\avilib.h">
      <Filter>Header Files\gpacmp4</Filter>
    </ClInclude>
    <ClInclude Include="..\src\gpacmp4\gpac\internal\isomedia_dev.h">
      <Filter>Header Files\gpacmp4</Filter>
    </ClInclude>
    <ClInclude Include="..\src\gpacmp4\gpac\internal\media_dev.h">
      <Filter>Header Files\gpacmp4</Filter>
    </ClInclude>
    <ClInclude Include="..\src\gpacmp4\gpac\internal\odf_dev.h">
      <Filter>Header Files\gpacmp4</Filter>
    </ClInclude>
    <ClInclude Include="..\src\gpacmp4\gpac\internal\odf_parse_common.h">
      <Filter>Header Files\gpacmp4</Filter>
    </ClInclude>
    <ClInclude Include="..\src\gpacmp4\gpac\configuration.h">
      <Filter>Header Files\gpacmp4</Filter>
    </ClInclude>
    <ClInclude Include="..\src\gpacmp4\gpac\internal\ogg.h">
      <Filter>Header Files\gpacmp4</Filter>
    </ClInclude>
    <ClInclude Include="..\src\lib_ccx\lib_ccx.h">
      <Filter>Header Files\lib_ccx</Filter>
    </ClInclude>
    <ClInclude Include="..\src\extractors\extractor.h">
      <Filter>Header Files</Filter>
    </ClInclude>
    <ClInclude Include="..\src\wrappers\wrapper.h">
      <Filter>Header Files</Filter>
    </ClInclude>
    <ClInclude Include="..\src\ccextractor.h">
      <Filter>Header Files</Filter>
    </ClInclude>
    <ClInclude Include="..\src\gpacmp4\gpac\color.h">
      <Filter>Header Files\gpacmp4</Filter>
    </ClInclude>
    <ClInclude Include="..\src\gpacmp4\gpac\maths.h">
      <Filter>Header Files\gpacmp4</Filter>
    </ClInclude>
    <ClInclude Include="..\src\freetype\include\ft2build.h">
      <Filter>Header Files\freetype</Filter>
    </ClInclude>
    <ClInclude Include="..\src\freetype\include\freetype\config\ftstdlib.h">
      <Filter>Header Files\freetype</Filter>
    </ClInclude>
    <ClInclude Include="..\src\freetype\include\freetype\config\ftheader.h">
      <Filter>Header Files\freetype</Filter>
    </ClInclude>
    <ClInclude Include="..\src\freetype\include\freetype\config\ftmodule.h">
      <Filter>Header Files\freetype</Filter>
    </ClInclude>
    <ClInclude Include="..\src\freetype\include\freetype\config\ftoption.h">
      <Filter>Header Files\freetype</Filter>
    </ClInclude>
    <ClInclude Include="..\src\freetype\include\freetype\config\ftconfig.h">
      <Filter>Header Files\freetype</Filter>
    </ClInclude>
    <ClInclude Include="..\src\lib_ccx\ccx_encoders_structs.h">
      <Filter>Header Files\lib_ccx\ccx_encoders</Filter>
    </ClInclude>
  </ItemGroup>
  <ItemGroup>
    <ClCompile Include="..\src\ccextractor.c">
      <Filter>Source Files</Filter>
    </ClCompile>
    <ClCompile Include="..\src\libpng\png.c">
      <Filter>Source Files\libpng</Filter>
    </ClCompile>
    <ClCompile Include="..\src\libpng\pngerror.c">
      <Filter>Source Files\libpng</Filter>
    </ClCompile>
    <ClCompile Include="..\src\libpng\pngget.c">
      <Filter>Source Files\libpng</Filter>
    </ClCompile>
    <ClCompile Include="..\src\libpng\pngmem.c">
      <Filter>Source Files\libpng</Filter>
    </ClCompile>
    <ClCompile Include="..\src\libpng\pngpread.c">
      <Filter>Source Files\libpng</Filter>
    </ClCompile>
    <ClCompile Include="..\src\libpng\pngread.c">
      <Filter>Source Files\libpng</Filter>
    </ClCompile>
    <ClCompile Include="..\src\libpng\pngrio.c">
      <Filter>Source Files\libpng</Filter>
    </ClCompile>
    <ClCompile Include="..\src\libpng\pngrtran.c">
      <Filter>Source Files\libpng</Filter>
    </ClCompile>
    <ClCompile Include="..\src\libpng\pngrutil.c">
      <Filter>Source Files\libpng</Filter>
    </ClCompile>
    <ClCompile Include="..\src\libpng\pngset.c">
      <Filter>Source Files\libpng</Filter>
    </ClCompile>
    <ClCompile Include="..\src\libpng\pngtrans.c">
      <Filter>Source Files\libpng</Filter>
    </ClCompile>
    <ClCompile Include="..\src\libpng\pngwio.c">
      <Filter>Source Files\libpng</Filter>
    </ClCompile>
    <ClCompile Include="..\src\libpng\pngwrite.c">
      <Filter>Source Files\libpng</Filter>
    </ClCompile>
    <ClCompile Include="..\src\libpng\pngwtran.c">
      <Filter>Source Files\libpng</Filter>
    </ClCompile>
    <ClCompile Include="..\src\libpng\pngwutil.c">
      <Filter>Source Files\libpng</Filter>
    </ClCompile>
    <ClCompile Include="..\src\zlib\adler32.c">
      <Filter>Source Files\zlib</Filter>
    </ClCompile>
    <ClCompile Include="..\src\zlib\crc32.c">
      <Filter>Source Files\zlib</Filter>
    </ClCompile>
    <ClCompile Include="..\src\zlib\deflate.c">
      <Filter>Source Files\zlib</Filter>
    </ClCompile>
    <ClCompile Include="..\src\zlib\inflate.c">
      <Filter>Source Files\zlib</Filter>
    </ClCompile>
    <ClCompile Include="..\src\zlib\inffast.c">
      <Filter>Source Files\zlib</Filter>
    </ClCompile>
    <ClCompile Include="..\src\zlib\inftrees.c">
      <Filter>Source Files\zlib</Filter>
    </ClCompile>
    <ClCompile Include="..\src\zlib\trees.c">
      <Filter>Source Files\zlib</Filter>
    </ClCompile>
    <ClCompile Include="..\src\zlib\zutil.c">
      <Filter>Source Files\zlib</Filter>
    </ClCompile>
    <ClCompile Include="..\src\lib_ccx\ccx_decoders_608.c">
      <Filter>Source Files\ccx_decoders</Filter>
    </ClCompile>
    <ClCompile Include="..\src\lib_ccx\ccx_decoders_708.c">
      <Filter>Source Files\ccx_decoders</Filter>
    </ClCompile>
    <ClCompile Include="..\src\lib_ccx\ccx_decoders_common.c">
      <Filter>Source Files\ccx_decoders</Filter>
    </ClCompile>
    <ClCompile Include="..\src\lib_ccx\ccx_decoders_xds.c">
      <Filter>Source Files\ccx_decoders</Filter>
    </ClCompile>
    <ClCompile Include="..\src\lib_ccx\dvb_subtitle_decoder.c">
      <Filter>Source Files\ccx_decoders</Filter>
    </ClCompile>
    <ClCompile Include="..\src\lib_ccx\telxcc.c">
      <Filter>Source Files\ccx_decoders</Filter>
    </ClCompile>
    <ClCompile Include="..\src\lib_ccx\ccx_common_char_encoding.c">
      <Filter>Source Files\ccx_common</Filter>
    </ClCompile>
    <ClCompile Include="..\src\lib_ccx\ccx_common_common.c">
      <Filter>Source Files\ccx_common</Filter>
    </ClCompile>
    <ClCompile Include="..\src\lib_ccx\ccx_common_constants.c">
      <Filter>Source Files\ccx_common</Filter>
    </ClCompile>
    <ClCompile Include="..\src\lib_ccx\ccx_common_timing.c">
      <Filter>Source Files\ccx_common</Filter>
    </ClCompile>
    <ClCompile Include="..\src\lib_ccx\ccx_encoders_common.c">
      <Filter>Source Files\ccx_encoders</Filter>
    </ClCompile>
    <ClCompile Include="..\src\lib_ccx\ccx_encoders_helpers.c">
      <Filter>Source Files\ccx_encoders</Filter>
    </ClCompile>
    <ClCompile Include="..\src\lib_ccx\ccx_common_option.c">
      <Filter>Source Files\ccx_common</Filter>
    </ClCompile>
    <ClCompile Include="..\src\lib_ccx\ccx_decoders_708_encoding.c">
      <Filter>Source Files\ccx_decoders</Filter>
    </ClCompile>
    <ClCompile Include="..\src\lib_ccx\ccx_dtvcc.c">
      <Filter>Source Files\ccx_decoders</Filter>
    </ClCompile>
    <ClCompile Include="..\src\lib_ccx\ccx_decoders_708_output.c">
      <Filter>Source Files\ccx_decoders</Filter>
    </ClCompile>
    <ClCompile Include="..\src\lib_ccx\ccx_decoders_708_encoding.c">
      <Filter>Source Files</Filter>
    </ClCompile>
    <ClCompile Include="..\src\lib_ccx\ccx_decoders_708_output.c">
      <Filter>Source Files</Filter>
    </ClCompile>
    <ClCompile Include="..\src\lib_ccx\ccx_dtvcc.c">
      <Filter>Source Files\ccx_decoders</Filter>
    </ClCompile>
    <ClCompile Include="..\src\lib_ccx\ccx_encoders_sami.c">
      <Filter>Source Files\ccx_encoders</Filter>
    </ClCompile>
    <ClCompile Include="..\src\lib_ccx\ccx_encoders_smptett.c">
      <Filter>Source Files\ccx_encoders</Filter>
    </ClCompile>
    <ClCompile Include="..\src\lib_ccx\ccx_encoders_srt.c">
      <Filter>Source Files\ccx_encoders</Filter>
    </ClCompile>
    <ClCompile Include="..\src\lib_ccx\ccx_encoders_webvtt.c">
      <Filter>Source Files\ccx_encoders</Filter>
    </ClCompile>
    <ClCompile Include="..\src\lib_ccx\ccx_encoders_xds.c">
      <Filter>Source Files\ccx_encoders</Filter>
    </ClCompile>
    <ClCompile Include="..\src\lib_ccx\ccx_decoders_isdb.c">
      <Filter>Source Files\ccx_decoders</Filter>
    </ClCompile>
    <ClCompile Include="..\src\zvbi\bit_slicer.c">
      <Filter>Source Files\zvbi</Filter>
    </ClCompile>
    <ClCompile Include="..\src\zvbi\decoder.c">
      <Filter>Source Files\zvbi</Filter>
    </ClCompile>
    <ClCompile Include="..\src\zvbi\raw_decoder.c">
      <Filter>Source Files\zvbi</Filter>
    </ClCompile>
    <ClCompile Include="..\src\zvbi\sampling_par.c">
      <Filter>Source Files\zvbi</Filter>
    </ClCompile>
    <ClCompile Include="..\src\lib_ccx\ccx_decoders_vbi.c">
      <Filter>Source Files\ccx_decoders</Filter>
    </ClCompile>
    <ClCompile Include="..\src\lib_ccx\ccx_encoders_g608.c">
      <Filter>Source Files\ccx_decoders</Filter>
    </ClCompile>
    <ClCompile Include="..\src\lib_hash\sha2.c">
      <Filter>Source Files\lib_hash</Filter>
    </ClCompile>
    <ClCompile Include="..\src\win_iconv\win_iconv.c">
      <Filter>Source Files\win_iconv</Filter>
    </ClCompile>
    <ClCompile Include="..\src\lib_ccx\ccx_share.c">
      <Filter>Source Files\lib_ccx</Filter>
    </ClCompile>
    <ClCompile Include="..\src\lib_ccx\ccx_sub_entry_message.pb-c.c">
      <Filter>Source Files\lib_ccx</Filter>
    </ClCompile>
    <ClCompile Include="..\src\protobuf-c\protobuf-c.c">
      <Filter>Source Files\protobuf-c</Filter>
    </ClCompile>
    <ClCompile Include="..\src\lib_ccx\ccx_encoders_transcript.c">
      <Filter>Source Files\ccx_encoders</Filter>
    </ClCompile>
    <ClCompile Include="..\src\lib_ccx\ccx_encoders_splitbysentence.c">
      <Filter>Source Files\ccx_encoders</Filter>
    </ClCompile>
    <ClCompile Include="..\src\utf8proc\utf8proc.c">
      <Filter>Source Files\utf8proc</Filter>
    </ClCompile>
    <ClCompile Include="..\src\lib_ccx\ccx_encoders_curl.c">
      <Filter>Source Files\ccx_encoders</Filter>
    </ClCompile>
    <ClCompile Include="..\src\lib_ccx\ccx_encoders_ssa.c">
      <Filter>Source Files\ccx_encoders</Filter>
    </ClCompile>
    <ClCompile Include="..\src\gpacmp4\av_parsers.c">
      <Filter>Source Files\gpacmp4</Filter>
    </ClCompile>
    <ClCompile Include="..\src\gpacmp4\avc_ext.c">
      <Filter>Source Files\gpacmp4</Filter>
    </ClCompile>
    <ClCompile Include="..\src\gpacmp4\avilib.c">
      <Filter>Source Files\gpacmp4</Filter>
    </ClCompile>
    <ClCompile Include="..\src\gpacmp4\base_encoding.c">
      <Filter>Source Files\gpacmp4</Filter>
    </ClCompile>
    <ClCompile Include="..\src\gpacmp4\bitstream.c">
      <Filter>Source Files\gpacmp4</Filter>
    </ClCompile>
    <ClCompile Include="..\src\gpacmp4\box_code_3gpp.c">
      <Filter>Source Files\gpacmp4</Filter>
    </ClCompile>
    <ClCompile Include="..\src\gpacmp4\box_code_adobe.c">
      <Filter>Source Files\gpacmp4</Filter>
    </ClCompile>
    <ClCompile Include="..\src\gpacmp4\box_code_apple.c">
      <Filter>Source Files\gpacmp4</Filter>
    </ClCompile>
    <ClCompile Include="..\src\gpacmp4\box_code_base.c">
      <Filter>Source Files\gpacmp4</Filter>
    </ClCompile>
    <ClCompile Include="..\src\gpacmp4\box_code_drm.c">
      <Filter>Source Files\gpacmp4</Filter>
    </ClCompile>
    <ClCompile Include="..\src\gpacmp4\box_code_meta.c">
      <Filter>Source Files\gpacmp4</Filter>
    </ClCompile>
    <ClCompile Include="..\src\gpacmp4\box_funcs.c">
      <Filter>Source Files\gpacmp4</Filter>
    </ClCompile>
    <ClCompile Include="..\src\gpacmp4\configfile.c">
      <Filter>Source Files\gpacmp4</Filter>
    </ClCompile>
    <ClCompile Include="..\src\gpacmp4\data_map.c">
      <Filter>Source Files\gpacmp4</Filter>
    </ClCompile>
    <ClCompile Include="..\src\gpacmp4\desc_private.c">
      <Filter>Source Files\gpacmp4</Filter>
    </ClCompile>
    <ClCompile Include="..\src\gpacmp4\descriptors.c">
      <Filter>Source Files\gpacmp4</Filter>
    </ClCompile>
    <ClCompile Include="..\src\gpacmp4\drm_sample.c">
      <Filter>Source Files\gpacmp4</Filter>
    </ClCompile>
    <ClCompile Include="..\src\gpacmp4\error.c">
      <Filter>Source Files\gpacmp4</Filter>
    </ClCompile>
    <ClCompile Include="..\src\gpacmp4\hinting.c">
      <Filter>Source Files\gpacmp4</Filter>
    </ClCompile>
    <ClCompile Include="..\src\gpacmp4\ipmpx_code.c">
      <Filter>Source Files\gpacmp4</Filter>
    </ClCompile>
    <ClCompile Include="..\src\gpacmp4\ipmpx_parse.c">
      <Filter>Source Files\gpacmp4</Filter>
    </ClCompile>
    <ClCompile Include="..\src\gpacmp4\isom_intern.c">
      <Filter>Source Files\gpacmp4</Filter>
    </ClCompile>
    <ClCompile Include="..\src\gpacmp4\isom_read.c">
      <Filter>Source Files\gpacmp4</Filter>
    </ClCompile>
    <ClCompile Include="..\src\gpacmp4\isom_store.c">
      <Filter>Source Files\gpacmp4</Filter>
    </ClCompile>
    <ClCompile Include="..\src\gpacmp4\isom_write.c">
      <Filter>Source Files\gpacmp4</Filter>
    </ClCompile>
    <ClCompile Include="..\src\gpacmp4\list.c">
      <Filter>Source Files\gpacmp4</Filter>
    </ClCompile>
    <ClCompile Include="..\src\gpacmp4\math.c">
      <Filter>Source Files\gpacmp4</Filter>
    </ClCompile>
    <ClCompile Include="..\src\gpacmp4\media.c">
      <Filter>Source Files\gpacmp4</Filter>
    </ClCompile>
    <ClCompile Include="..\src\gpacmp4\media_odf.c">
      <Filter>Source Files\gpacmp4</Filter>
    </ClCompile>
    <ClCompile Include="..\src\gpacmp4\meta.c">
      <Filter>Source Files\gpacmp4</Filter>
    </ClCompile>
    <ClCompile Include="..\src\gpacmp4\movie_fragments.c">
      <Filter>Source Files\gpacmp4</Filter>
    </ClCompile>
    <ClCompile Include="..\src\gpacmp4\mp4.c">
      <Filter>Source Files\gpacmp4</Filter>
    </ClCompile>
    <ClCompile Include="..\src\gpacmp4\odf_code.c">
      <Filter>Source Files\gpacmp4</Filter>
    </ClCompile>
    <ClCompile Include="..\src\gpacmp4\odf_codec.c">
      <Filter>Source Files\gpacmp4</Filter>
    </ClCompile>
    <ClCompile Include="..\src\gpacmp4\odf_command.c">
      <Filter>Source Files\gpacmp4</Filter>
    </ClCompile>
    <ClCompile Include="..\src\gpacmp4\os_config_init.c">
      <Filter>Source Files\gpacmp4</Filter>
    </ClCompile>
    <ClCompile Include="..\src\gpacmp4\os_divers.c">
      <Filter>Source Files\gpacmp4</Filter>
    </ClCompile>
    <ClCompile Include="..\src\gpacmp4\os_file.c">
      <Filter>Source Files\gpacmp4</Filter>
    </ClCompile>
    <ClCompile Include="..\src\gpacmp4\qos.c">
      <Filter>Source Files\gpacmp4</Filter>
    </ClCompile>
    <ClCompile Include="..\src\gpacmp4\sample_descs.c">
      <Filter>Source Files\gpacmp4</Filter>
    </ClCompile>
    <ClCompile Include="..\src\gpacmp4\slc.c">
      <Filter>Source Files\gpacmp4</Filter>
    </ClCompile>
    <ClCompile Include="..\src\gpacmp4\stbl_read.c">
      <Filter>Source Files\gpacmp4</Filter>
    </ClCompile>
    <ClCompile Include="..\src\gpacmp4\stbl_write.c">
      <Filter>Source Files\gpacmp4</Filter>
    </ClCompile>
    <ClCompile Include="..\src\gpacmp4\track.c">
      <Filter>Source Files\gpacmp4</Filter>
    </ClCompile>
    <ClCompile Include="..\src\gpacmp4\tx3g.c">
      <Filter>Source Files\gpacmp4</Filter>
    </ClCompile>
    <ClCompile Include="..\src\gpacmp4\url.c">
      <Filter>Source Files\gpacmp4</Filter>
    </ClCompile>
    <ClCompile Include="..\src\gpacmp4\utf.c">
      <Filter>Source Files\gpacmp4</Filter>
    </ClCompile>
    <ClCompile Include="..\src\gpacmp4\gpac_ogg.c">
      <Filter>Source Files\gpacmp4</Filter>
    </ClCompile>
    <ClCompile Include="..\src\lib_ccx\ffmpeg_intgr.c">
      <Filter>Source Files\lib_ccx</Filter>
    </ClCompile>
    <ClCompile Include="..\src\lib_ccx\cc_bitstream.c">
      <Filter>Source Files\lib_ccx</Filter>
    </ClCompile>
    <ClCompile Include="..\src\lib_ccx\avc_functions.c">
      <Filter>Source Files\lib_ccx</Filter>
    </ClCompile>
    <ClCompile Include="..\src\lib_ccx\asf_functions.c">
      <Filter>Source Files\lib_ccx</Filter>
    </ClCompile>
    <ClCompile Include="..\src\lib_ccx\activity.c">
      <Filter>Source Files\lib_ccx</Filter>
    </ClCompile>
    <ClCompile Include="..\src\lib_ccx\utility.c">
      <Filter>Source Files\lib_ccx</Filter>
    </ClCompile>
    <ClCompile Include="..\src\lib_ccx\ts_tables_epg.c">
      <Filter>Source Files\lib_ccx</Filter>
    </ClCompile>
    <ClCompile Include="..\src\lib_ccx\ts_tables.c">
      <Filter>Source Files\lib_ccx</Filter>
    </ClCompile>
    <ClCompile Include="..\src\lib_ccx\ts_info.c">
      <Filter>Source Files\lib_ccx</Filter>
    </ClCompile>
    <ClCompile Include="..\src\lib_ccx\ts_functions.c">
      <Filter>Source Files\lib_ccx</Filter>
    </ClCompile>
    <ClCompile Include="..\src\lib_ccx\stream_functions.c">
      <Filter>Source Files\lib_ccx</Filter>
    </ClCompile>
    <ClCompile Include="..\src\lib_ccx\sequencing.c">
      <Filter>Source Files\lib_ccx</Filter>
    </ClCompile>
    <ClCompile Include="..\src\lib_ccx\params_dump.c">
      <Filter>Source Files\lib_ccx</Filter>
    </ClCompile>
    <ClCompile Include="..\src\lib_ccx\params.c">
      <Filter>Source Files\lib_ccx</Filter>
    </ClCompile>
    <ClCompile Include="..\src\lib_ccx\output.c">
      <Filter>Source Files\lib_ccx</Filter>
    </ClCompile>
    <ClCompile Include="..\src\lib_ccx\ocr.c">
      <Filter>Source Files\lib_ccx</Filter>
    </ClCompile>
    <ClCompile Include="..\src\lib_ccx\networking.c">
      <Filter>Source Files\lib_ccx</Filter>
    </ClCompile>
    <ClCompile Include="..\src\lib_ccx\myth.c">
      <Filter>Source Files\lib_ccx</Filter>
    </ClCompile>
    <ClCompile Include="..\src\lib_ccx\lib_ccx.c">
      <Filter>Source Files\lib_ccx</Filter>
    </ClCompile>
    <ClCompile Include="..\src\lib_ccx\hardsubx_utility.c">
      <Filter>Source Files\lib_ccx</Filter>
    </ClCompile>
    <ClCompile Include="..\src\lib_ccx\hardsubx_imgops.c">
      <Filter>Source Files\lib_ccx</Filter>
    </ClCompile>
    <ClCompile Include="..\src\lib_ccx\hardsubx_decoder.c">
      <Filter>Source Files\lib_ccx</Filter>
    </ClCompile>
    <ClCompile Include="..\src\lib_ccx\hardsubx_classifier.c">
      <Filter>Source Files\lib_ccx</Filter>
    </ClCompile>
    <ClCompile Include="..\src\lib_ccx\hardsubx.c">
      <Filter>Source Files\lib_ccx</Filter>
    </ClCompile>
    <ClCompile Include="..\src\lib_ccx\general_loop.c">
      <Filter>Source Files\lib_ccx</Filter>
    </ClCompile>
    <ClCompile Include="..\src\lib_ccx\file_functions.c">
      <Filter>Source Files\lib_ccx</Filter>
    </ClCompile>
    <ClCompile Include="..\src\lib_ccx\es_userdata.c">
      <Filter>Source Files\lib_ccx</Filter>
    </ClCompile>
    <ClCompile Include="..\src\lib_ccx\es_functions.c">
      <Filter>Source Files\lib_ccx</Filter>
    </ClCompile>
    <ClCompile Include="..\src\lib_ccx\dvd_subtitle_decoder.c">
      <Filter>Source Files\lib_ccx</Filter>
    </ClCompile>
    <ClCompile Include="..\src\lib_ccx\configuration.c">
      <Filter>Source Files\lib_ccx</Filter>
    </ClCompile>
    <ClCompile Include="..\src\lib_ccx\ccx_gxf.c">
      <Filter>Source Files\lib_ccx</Filter>
    </ClCompile>
    <ClCompile Include="..\src\lib_ccx\ccx_demuxer.c">
      <Filter>Source Files\lib_ccx</Filter>
    </ClCompile>
    <ClCompile Include="..\src\lib_ccx\wtv_functions.c">
      <Filter>Source Files\lib_ccx</Filter>
    </ClCompile>
    <ClCompile Include="..\src\win_iconv\win_iconv.c">
      <Filter>Source Files\win_iconv</Filter>
    </ClCompile>
    <ClCompile Include="..\src\lib_ccx\matroska.c">
      <Filter>Source Files\lib_ccx</Filter>
    </ClCompile>
    <ClCompile Include="..\src\extractors\extractor.c">
      <Filter>Source Files</Filter>
    </ClCompile>
    <ClCompile Include="..\src\wrappers\wrapper.c">
      <Filter>Source Files</Filter>
    </ClCompile>
    <ClCompile Include="..\src\lib_ccx\ccx_encoders_python.c">
      <Filter>Source Files\ccx_encoders</Filter>
    </ClCompile>
    <ClCompile Include="..\src\lib_ccx\ccx_demuxer_mxf.c">
      <Filter>Source Files</Filter>
    </ClCompile>
    <ClCompile Include="..\src\gpacmp4\color.c">
      <Filter>Source Files\gpacmp4</Filter>
    </ClCompile>
    <ClCompile Include="..\src\gpacmp4\hint_track.c">
      <Filter>Source Files\gpacmp4</Filter>
    </ClCompile>
    <ClCompile Include="..\src\freetype\autofit\autofit.c">
      <Filter>Source Files\freetype</Filter>
    </ClCompile>
    <ClCompile Include="..\src\freetype\bdf\bdf.c">
      <Filter>Source Files\freetype</Filter>
    </ClCompile>
    <ClCompile Include="..\src\freetype\cff\cff.c">
      <Filter>Source Files\freetype</Filter>
    </ClCompile>
    <ClCompile Include="..\src\freetype\base\ftbase.c">
      <Filter>Source Files\freetype</Filter>
    </ClCompile>
    <ClCompile Include="..\src\freetype\base\ftbbox.c">
      <Filter>Source Files\freetype</Filter>
    </ClCompile>
    <ClCompile Include="..\src\freetype\base\ftbitmap.c">
      <Filter>Source Files\freetype</Filter>
    </ClCompile>
    <ClCompile Include="..\src\freetype\cache\ftcache.c">
      <Filter>Source Files\freetype</Filter>
    </ClCompile>
    <ClCompile Include="..\src\freetype\base\ftfntfmt.c">
      <Filter>Source Files\freetype</Filter>
    </ClCompile>
    <ClCompile Include="..\src\freetype\base\ftfstype.c">
      <Filter>Source Files\freetype</Filter>
    </ClCompile>
    <ClCompile Include="..\src\freetype\base\ftgasp.c">
      <Filter>Source Files\freetype</Filter>
    </ClCompile>
    <ClCompile Include="..\src\freetype\base\ftglyph.c">
      <Filter>Source Files\freetype</Filter>
    </ClCompile>
    <ClCompile Include="..\src\freetype\base\ftgxval.c">
      <Filter>Source Files\freetype</Filter>
    </ClCompile>
    <ClCompile Include="..\src\freetype\base\ftinit.c">
      <Filter>Source Files\freetype</Filter>
    </ClCompile>
    <ClCompile Include="..\src\freetype\base\ftlcdfil.c">
      <Filter>Source Files\freetype</Filter>
    </ClCompile>
    <ClCompile Include="..\src\freetype\lzw\ftlzw.c">
      <Filter>Source Files\freetype</Filter>
    </ClCompile>
    <ClCompile Include="..\src\freetype\base\ftmm.c">
      <Filter>Source Files\freetype</Filter>
    </ClCompile>
    <ClCompile Include="..\src\freetype\base\ftotval.c">
      <Filter>Source Files\freetype</Filter>
    </ClCompile>
    <ClCompile Include="..\src\freetype\base\ftpatent.c">
      <Filter>Source Files\freetype</Filter>
    </ClCompile>
    <ClCompile Include="..\src\freetype\base\ftpfr.c">
      <Filter>Source Files\freetype</Filter>
    </ClCompile>
    <ClCompile Include="..\src\freetype\base\ftstroke.c">
      <Filter>Source Files\freetype</Filter>
    </ClCompile>
    <ClCompile Include="..\src\freetype\base\ftsynth.c">
      <Filter>Source Files\freetype</Filter>
    </ClCompile>
    <ClCompile Include="..\src\freetype\base\ftsystem.c">
      <Filter>Source Files\freetype</Filter>
    </ClCompile>
    <ClCompile Include="..\src\freetype\base\fttype1.c">
      <Filter>Source Files\freetype</Filter>
    </ClCompile>
    <ClCompile Include="..\src\freetype\base\ftwinfnt.c">
      <Filter>Source Files\freetype</Filter>
    </ClCompile>
    <ClCompile Include="..\src\freetype\pcf\pcf.c">
      <Filter>Source Files\freetype</Filter>
    </ClCompile>
    <ClCompile Include="..\src\freetype\pfr\pfr.c">
      <Filter>Source Files\freetype</Filter>
    </ClCompile>
    <ClCompile Include="..\src\freetype\psaux\psaux.c">
      <Filter>Source Files\freetype</Filter>
    </ClCompile>
    <ClCompile Include="..\src\freetype\pshinter\pshinter.c">
      <Filter>Source Files\freetype</Filter>
    </ClCompile>
    <ClCompile Include="..\src\freetype\psnames\psmodule.c">
      <Filter>Source Files\freetype</Filter>
    </ClCompile>
    <ClCompile Include="..\src\freetype\raster\raster.c">
      <Filter>Source Files\freetype</Filter>
    </ClCompile>
    <ClCompile Include="..\src\freetype\sfnt\sfnt.c">
      <Filter>Source Files\freetype</Filter>
    </ClCompile>
    <ClCompile Include="..\src\freetype\smooth\smooth.c">
      <Filter>Source Files\freetype</Filter>
    </ClCompile>
    <ClCompile Include="..\src\freetype\truetype\truetype.c">
      <Filter>Source Files\freetype</Filter>
    </ClCompile>
    <ClCompile Include="..\src\freetype\type1\type1.c">
      <Filter>Source Files\freetype</Filter>
    </ClCompile>
    <ClCompile Include="..\src\freetype\cid\type1cid.c">
      <Filter>Source Files\freetype</Filter>
    </ClCompile>
    <ClCompile Include="..\src\freetype\type42\type42.c">
      <Filter>Source Files\freetype</Filter>
    </ClCompile>
    <ClCompile Include="..\src\freetype\winfonts\winfnt.c">
      <Filter>Source Files\freetype</Filter>
    </ClCompile>
    <ClCompile Include="..\src\freetype\gzip\ftgzip.c">
      <Filter>Source Files\freetype</Filter>
    </ClCompile>
    <ClCompile Include="..\src\lib_ccx\ccx_encoders_spupng.c">
      <Filter>Source Files\ccx_encoders</Filter>
    </ClCompile>
    <ClCompile Include="..\src\gpacmp4\box_dump.c">
      <Filter>Source Files</Filter>
    </ClCompile>
    <ClCompile Include="..\src\gpacmp4\box_dump.c">
      <Filter>Source Files\gpacmp4</Filter>
    </ClCompile>
  </ItemGroup>
  <ItemGroup>
    <None Include="..\src\lib_ccx\ccx_sub_entry_message.proto">
      <Filter>Header Files\lib_ccx</Filter>
    </None>
  </ItemGroup>
</Project>